// !$*UTF8*$!
{
	archiveVersion = 1;
	classes = {
	};
	objectVersion = 56;
	objects = {

/* Begin PBXBuildFile section */
		609441AD2AF58E4600329F4B /* WeatherInDaysResponseDataModel.swift in Sources */ = {isa = PBXBuildFile; fileRef = 609441AC2AF58E4600329F4B /* WeatherInDaysResponseDataModel.swift */; };
		609441B72AF59F5100329F4B /* WeatherForecastViewModel.swift in Sources */ = {isa = PBXBuildFile; fileRef = 609441B62AF59F5100329F4B /* WeatherForecastViewModel.swift */; };
		60C80BBB2AF5524300498809 /* AppTiempoMVVMApp.swift in Sources */ = {isa = PBXBuildFile; fileRef = 60C80BBA2AF5524300498809 /* AppTiempoMVVMApp.swift */; };
		60C80BBD2AF5524300498809 /* ContentView.swift in Sources */ = {isa = PBXBuildFile; fileRef = 60C80BBC2AF5524300498809 /* ContentView.swift */; };
		60C80BBF2AF5524300498809 /* Assets.xcassets in Resources */ = {isa = PBXBuildFile; fileRef = 60C80BBE2AF5524300498809 /* Assets.xcassets */; };
		60C80BC22AF5524300498809 /* Preview Assets.xcassets in Resources */ = {isa = PBXBuildFile; fileRef = 60C80BC12AF5524300498809 /* Preview Assets.xcassets */; };
		60C80BCA2AF556E000498809 /* WeatherResponseDataModel.swift in Sources */ = {isa = PBXBuildFile; fileRef = 60C80BC92AF556E000498809 /* WeatherResponseDataModel.swift */; };
		60C80BCD2AF55A2000498809 /* WeatherViewModel.swift in Sources */ = {isa = PBXBuildFile; fileRef = 60C80BCC2AF55A2000498809 /* WeatherViewModel.swift */; };
		60C80BD02AF564BA00498809 /* WeatherModel.swift in Sources */ = {isa = PBXBuildFile; fileRef = 60C80BCF2AF564BA00498809 /* WeatherModel.swift */; };
		60C80BD22AF565D700498809 /* WeatherModelMapper.swift in Sources */ = {isa = PBXBuildFile; fileRef = 60C80BD12AF565D700498809 /* WeatherModelMapper.swift */; };
		60E7CC862AF664C50056282B /* WeatherDaysModel.swift in Sources */ = {isa = PBXBuildFile; fileRef = 60E7CC852AF664C50056282B /* WeatherDaysModel.swift */; };
		60E7CC882AF664E40056282B /* WeatherDaysModelMapper.swift in Sources */ = {isa = PBXBuildFile; fileRef = 60E7CC872AF664E40056282B /* WeatherDaysModelMapper.swift */; };
/* End PBXBuildFile section */

/* Begin PBXFileReference section */
		609441AC2AF58E4600329F4B /* WeatherInDaysResponseDataModel.swift */ = {isa = PBXFileReference; lastKnownFileType = sourcecode.swift; path = WeatherInDaysResponseDataModel.swift; sourceTree = "<group>"; };
		609441B62AF59F5100329F4B /* WeatherForecastViewModel.swift */ = {isa = PBXFileReference; lastKnownFileType = sourcecode.swift; path = WeatherForecastViewModel.swift; sourceTree = "<group>"; };
		60C80BB72AF5524300498809 /* AppTiempoMVVM.app */ = {isa = PBXFileReference; explicitFileType = wrapper.application; includeInIndex = 0; path = AppTiempoMVVM.app; sourceTree = BUILT_PRODUCTS_DIR; };
		60C80BBA2AF5524300498809 /* AppTiempoMVVMApp.swift */ = {isa = PBXFileReference; lastKnownFileType = sourcecode.swift; path = AppTiempoMVVMApp.swift; sourceTree = "<group>"; };
		60C80BBC2AF5524300498809 /* ContentView.swift */ = {isa = PBXFileReference; lastKnownFileType = sourcecode.swift; path = ContentView.swift; sourceTree = "<group>"; };
		60C80BBE2AF5524300498809 /* Assets.xcassets */ = {isa = PBXFileReference; lastKnownFileType = folder.assetcatalog; path = Assets.xcassets; sourceTree = "<group>"; };
		60C80BC12AF5524300498809 /* Preview Assets.xcassets */ = {isa = PBXFileReference; lastKnownFileType = folder.assetcatalog; path = "Preview Assets.xcassets"; sourceTree = "<group>"; };
		60C80BC92AF556E000498809 /* WeatherResponseDataModel.swift */ = {isa = PBXFileReference; lastKnownFileType = sourcecode.swift; path = WeatherResponseDataModel.swift; sourceTree = "<group>"; };
		60C80BCC2AF55A2000498809 /* WeatherViewModel.swift */ = {isa = PBXFileReference; lastKnownFileType = sourcecode.swift; path = WeatherViewModel.swift; sourceTree = "<group>"; };
		60C80BCE2AF55C8600498809 /* Info.plist */ = {isa = PBXFileReference; lastKnownFileType = text.plist; path = Info.plist; sourceTree = "<group>"; };
		60C80BCF2AF564BA00498809 /* WeatherModel.swift */ = {isa = PBXFileReference; lastKnownFileType = sourcecode.swift; path = WeatherModel.swift; sourceTree = "<group>"; };
		60C80BD12AF565D700498809 /* WeatherModelMapper.swift */ = {isa = PBXFileReference; lastKnownFileType = sourcecode.swift; path = WeatherModelMapper.swift; sourceTree = "<group>"; };
		60E7CC852AF664C50056282B /* WeatherDaysModel.swift */ = {isa = PBXFileReference; lastKnownFileType = sourcecode.swift; path = WeatherDaysModel.swift; sourceTree = "<group>"; };
		60E7CC872AF664E40056282B /* WeatherDaysModelMapper.swift */ = {isa = PBXFileReference; lastKnownFileType = sourcecode.swift; path = WeatherDaysModelMapper.swift; sourceTree = "<group>"; };
/* End PBXFileReference section */

/* Begin PBXFrameworksBuildPhase section */
		60C80BB42AF5524300498809 /* Frameworks */ = {
			isa = PBXFrameworksBuildPhase;
			buildActionMask = 2147483647;
			files = (
			);
			runOnlyForDeploymentPostprocessing = 0;
		};
/* End PBXFrameworksBuildPhase section */

/* Begin PBXGroup section */
		60C80BAE2AF5524200498809 = {
			isa = PBXGroup;
			children = (
				60C80BB92AF5524300498809 /* AppTiempoMVVM */,
				60C80BB82AF5524300498809 /* Products */,
			);
			sourceTree = "<group>";
		};
		60C80BB82AF5524300498809 /* Products */ = {
			isa = PBXGroup;
			children = (
				60C80BB72AF5524300498809 /* AppTiempoMVVM.app */,
			);
			name = Products;
			sourceTree = "<group>";
		};
		60C80BB92AF5524300498809 /* AppTiempoMVVM */ = {
			isa = PBXGroup;
			children = (
				60C80BD32AF56E7F00498809 /* Model */,
				60C80BCE2AF55C8600498809 /* Info.plist */,
				60C80BCB2AF55A0B00498809 /* ViewModel */,
				60C80BBA2AF5524300498809 /* AppTiempoMVVMApp.swift */,
				60C80BBC2AF5524300498809 /* ContentView.swift */,
				60C80BBE2AF5524300498809 /* Assets.xcassets */,
				60C80BC02AF5524300498809 /* Preview Content */,
			);
			path = AppTiempoMVVM;
			sourceTree = "<group>";
		};
		60C80BC02AF5524300498809 /* Preview Content */ = {
			isa = PBXGroup;
			children = (
				60C80BC12AF5524300498809 /* Preview Assets.xcassets */,
			);
			path = "Preview Content";
			sourceTree = "<group>";
		};
		60C80BCB2AF55A0B00498809 /* ViewModel */ = {
			isa = PBXGroup;
			children = (
				60C80BCC2AF55A2000498809 /* WeatherViewModel.swift */,
				609441B62AF59F5100329F4B /* WeatherForecastViewModel.swift */,
			);
			path = ViewModel;
			sourceTree = "<group>";
		};
		60C80BD32AF56E7F00498809 /* Model */ = {
			isa = PBXGroup;
			children = (
				60C80BD12AF565D700498809 /* WeatherModelMapper.swift */,
				60C80BC92AF556E000498809 /* WeatherResponseDataModel.swift */,
				60C80BCF2AF564BA00498809 /* WeatherModel.swift */,
				609441AC2AF58E4600329F4B /* WeatherInDaysResponseDataModel.swift */,
				60E7CC852AF664C50056282B /* WeatherDaysModel.swift */,
				60E7CC872AF664E40056282B /* WeatherDaysModelMapper.swift */,
			);
			path = Model;
			sourceTree = "<group>";
		};
/* End PBXGroup section */

/* Begin PBXNativeTarget section */
		60C80BB62AF5524300498809 /* AppTiempoMVVM */ = {
			isa = PBXNativeTarget;
			buildConfigurationList = 60C80BC52AF5524300498809 /* Build configuration list for PBXNativeTarget "AppTiempoMVVM" */;
			buildPhases = (
				60C80BB32AF5524300498809 /* Sources */,
				60C80BB42AF5524300498809 /* Frameworks */,
				60C80BB52AF5524300498809 /* Resources */,
			);
			buildRules = (
			);
			dependencies = (
			);
			name = AppTiempoMVVM;
			productName = AppTiempoMVVM;
			productReference = 60C80BB72AF5524300498809 /* AppTiempoMVVM.app */;
			productType = "com.apple.product-type.application";
		};
/* End PBXNativeTarget section */

/* Begin PBXProject section */
		60C80BAF2AF5524200498809 /* Project object */ = {
			isa = PBXProject;
			attributes = {
				BuildIndependentTargetsInParallel = 1;
				LastSwiftUpdateCheck = 1500;
				LastUpgradeCheck = 1500;
				TargetAttributes = {
					60C80BB62AF5524300498809 = {
						CreatedOnToolsVersion = 15.0.1;
					};
				};
			};
			buildConfigurationList = 60C80BB22AF5524200498809 /* Build configuration list for PBXProject "AppTiempoMVVM" */;
			compatibilityVersion = "Xcode 14.0";
			developmentRegion = en;
			hasScannedForEncodings = 0;
			knownRegions = (
				en,
				Base,
			);
			mainGroup = 60C80BAE2AF5524200498809;
			productRefGroup = 60C80BB82AF5524300498809 /* Products */;
			projectDirPath = "";
			projectRoot = "";
			targets = (
				60C80BB62AF5524300498809 /* AppTiempoMVVM */,
			);
		};
/* End PBXProject section */

/* Begin PBXResourcesBuildPhase section */
		60C80BB52AF5524300498809 /* Resources */ = {
			isa = PBXResourcesBuildPhase;
			buildActionMask = 2147483647;
			files = (
				60C80BC22AF5524300498809 /* Preview Assets.xcassets in Resources */,
				60C80BBF2AF5524300498809 /* Assets.xcassets in Resources */,
			);
			runOnlyForDeploymentPostprocessing = 0;
		};
/* End PBXResourcesBuildPhase section */

/* Begin PBXSourcesBuildPhase section */
		60C80BB32AF5524300498809 /* Sources */ = {
			isa = PBXSourcesBuildPhase;
			buildActionMask = 2147483647;
			files = (
				60C80BBD2AF5524300498809 /* ContentView.swift in Sources */,
				60C80BCD2AF55A2000498809 /* WeatherViewModel.swift in Sources */,
				60C80BBB2AF5524300498809 /* AppTiempoMVVMApp.swift in Sources */,
				60C80BCA2AF556E000498809 /* WeatherResponseDataModel.swift in Sources */,
				609441AD2AF58E4600329F4B /* WeatherInDaysResponseDataModel.swift in Sources */,
				60C80BD02AF564BA00498809 /* WeatherModel.swift in Sources */,
				60C80BD22AF565D700498809 /* WeatherModelMapper.swift in Sources */,
				609441B72AF59F5100329F4B /* WeatherForecastViewModel.swift in Sources */,
				60E7CC882AF664E40056282B /* WeatherDaysModelMapper.swift in Sources */,
				60E7CC862AF664C50056282B /* WeatherDaysModel.swift in Sources */,
			);
			runOnlyForDeploymentPostprocessing = 0;
		};
/* End PBXSourcesBuildPhase section */

/* Begin XCBuildConfiguration section */
		60C80BC32AF5524300498809 /* Debug */ = {
			isa = XCBuildConfiguration;
			buildSettings = {
				ALWAYS_SEARCH_USER_PATHS = NO;
				ASSETCATALOG_COMPILER_GENERATE_SWIFT_ASSET_SYMBOL_EXTENSIONS = YES;
				CLANG_ANALYZER_NONNULL = YES;
				CLANG_ANALYZER_NUMBER_OBJECT_CONVERSION = YES_AGGRESSIVE;
				CLANG_CXX_LANGUAGE_STANDARD = "gnu++20";
				CLANG_ENABLE_MODULES = YES;
				CLANG_ENABLE_OBJC_ARC = YES;
				CLANG_ENABLE_OBJC_WEAK = YES;
				CLANG_WARN_BLOCK_CAPTURE_AUTORELEASING = YES;
				CLANG_WARN_BOOL_CONVERSION = YES;
				CLANG_WARN_COMMA = YES;
				CLANG_WARN_CONSTANT_CONVERSION = YES;
				CLANG_WARN_DEPRECATED_OBJC_IMPLEMENTATIONS = YES;
				CLANG_WARN_DIRECT_OBJC_ISA_USAGE = YES_ERROR;
				CLANG_WARN_DOCUMENTATION_COMMENTS = YES;
				CLANG_WARN_EMPTY_BODY = YES;
				CLANG_WARN_ENUM_CONVERSION = YES;
				CLANG_WARN_INFINITE_RECURSION = YES;
				CLANG_WARN_INT_CONVERSION = YES;
				CLANG_WARN_NON_LITERAL_NULL_CONVERSION = YES;
				CLANG_WARN_OBJC_IMPLICIT_RETAIN_SELF = YES;
				CLANG_WARN_OBJC_LITERAL_CONVERSION = YES;
				CLANG_WARN_OBJC_ROOT_CLASS = YES_ERROR;
				CLANG_WARN_QUOTED_INCLUDE_IN_FRAMEWORK_HEADER = YES;
				CLANG_WARN_RANGE_LOOP_ANALYSIS = YES;
				CLANG_WARN_STRICT_PROTOTYPES = YES;
				CLANG_WARN_SUSPICIOUS_MOVE = YES;
				CLANG_WARN_UNGUARDED_AVAILABILITY = YES_AGGRESSIVE;
				CLANG_WARN_UNREACHABLE_CODE = YES;
				CLANG_WARN__DUPLICATE_METHOD_MATCH = YES;
				COPY_PHASE_STRIP = NO;
				DEBUG_INFORMATION_FORMAT = dwarf;
				ENABLE_STRICT_OBJC_MSGSEND = YES;
				ENABLE_TESTABILITY = YES;
				ENABLE_USER_SCRIPT_SANDBOXING = YES;
				GCC_C_LANGUAGE_STANDARD = gnu17;
				GCC_DYNAMIC_NO_PIC = NO;
				GCC_NO_COMMON_BLOCKS = YES;
				GCC_OPTIMIZATION_LEVEL = 0;
				GCC_PREPROCESSOR_DEFINITIONS = (
					"DEBUG=1",
					"$(inherited)",
				);
				GCC_WARN_64_TO_32_BIT_CONVERSION = YES;
				GCC_WARN_ABOUT_RETURN_TYPE = YES_ERROR;
				GCC_WARN_UNDECLARED_SELECTOR = YES;
				GCC_WARN_UNINITIALIZED_AUTOS = YES_AGGRESSIVE;
				GCC_WARN_UNUSED_FUNCTION = YES;
				GCC_WARN_UNUSED_VARIABLE = YES;
				IPHONEOS_DEPLOYMENT_TARGET = 17.0;
				LOCALIZATION_PREFERS_STRING_CATALOGS = YES;
				MTL_ENABLE_DEBUG_INFO = INCLUDE_SOURCE;
				MTL_FAST_MATH = YES;
				ONLY_ACTIVE_ARCH = YES;
				SDKROOT = iphoneos;
				SWIFT_ACTIVE_COMPILATION_CONDITIONS = "DEBUG $(inherited)";
				SWIFT_OPTIMIZATION_LEVEL = "-Onone";
			};
			name = Debug;
		};
		60C80BC42AF5524300498809 /* Release */ = {
			isa = XCBuildConfiguration;
			buildSettings = {
				ALWAYS_SEARCH_USER_PATHS = NO;
				ASSETCATALOG_COMPILER_GENERATE_SWIFT_ASSET_SYMBOL_EXTENSIONS = YES;
				CLANG_ANALYZER_NONNULL = YES;
				CLANG_ANALYZER_NUMBER_OBJECT_CONVERSION = YES_AGGRESSIVE;
				CLANG_CXX_LANGUAGE_STANDARD = "gnu++20";
				CLANG_ENABLE_MODULES = YES;
				CLANG_ENABLE_OBJC_ARC = YES;
				CLANG_ENABLE_OBJC_WEAK = YES;
				CLANG_WARN_BLOCK_CAPTURE_AUTORELEASING = YES;
				CLANG_WARN_BOOL_CONVERSION = YES;
				CLANG_WARN_COMMA = YES;
				CLANG_WARN_CONSTANT_CONVERSION = YES;
				CLANG_WARN_DEPRECATED_OBJC_IMPLEMENTATIONS = YES;
				CLANG_WARN_DIRECT_OBJC_ISA_USAGE = YES_ERROR;
				CLANG_WARN_DOCUMENTATION_COMMENTS = YES;
				CLANG_WARN_EMPTY_BODY = YES;
				CLANG_WARN_ENUM_CONVERSION = YES;
				CLANG_WARN_INFINITE_RECURSION = YES;
				CLANG_WARN_INT_CONVERSION = YES;
				CLANG_WARN_NON_LITERAL_NULL_CONVERSION = YES;
				CLANG_WARN_OBJC_IMPLICIT_RETAIN_SELF = YES;
				CLANG_WARN_OBJC_LITERAL_CONVERSION = YES;
				CLANG_WARN_OBJC_ROOT_CLASS = YES_ERROR;
				CLANG_WARN_QUOTED_INCLUDE_IN_FRAMEWORK_HEADER = YES;
				CLANG_WARN_RANGE_LOOP_ANALYSIS = YES;
				CLANG_WARN_STRICT_PROTOTYPES = YES;
				CLANG_WARN_SUSPICIOUS_MOVE = YES;
				CLANG_WARN_UNGUARDED_AVAILABILITY = YES_AGGRESSIVE;
				CLANG_WARN_UNREACHABLE_CODE = YES;
				CLANG_WARN__DUPLICATE_METHOD_MATCH = YES;
				COPY_PHASE_STRIP = NO;
				DEBUG_INFORMATION_FORMAT = "dwarf-with-dsym";
				ENABLE_NS_ASSERTIONS = NO;
				ENABLE_STRICT_OBJC_MSGSEND = YES;
				ENABLE_USER_SCRIPT_SANDBOXING = YES;
				GCC_C_LANGUAGE_STANDARD = gnu17;
				GCC_NO_COMMON_BLOCKS = YES;
				GCC_WARN_64_TO_32_BIT_CONVERSION = YES;
				GCC_WARN_ABOUT_RETURN_TYPE = YES_ERROR;
				GCC_WARN_UNDECLARED_SELECTOR = YES;
				GCC_WARN_UNINITIALIZED_AUTOS = YES_AGGRESSIVE;
				GCC_WARN_UNUSED_FUNCTION = YES;
				GCC_WARN_UNUSED_VARIABLE = YES;
				IPHONEOS_DEPLOYMENT_TARGET = 17.0;
				LOCALIZATION_PREFERS_STRING_CATALOGS = YES;
				MTL_ENABLE_DEBUG_INFO = NO;
				MTL_FAST_MATH = YES;
				SDKROOT = iphoneos;
				SWIFT_COMPILATION_MODE = wholemodule;
				VALIDATE_PRODUCT = YES;
			};
			name = Release;
		};
		60C80BC62AF5524300498809 /* Debug */ = {
			isa = XCBuildConfiguration;
			buildSettings = {
				ASSETCATALOG_COMPILER_APPICON_NAME = AppIcon;
				ASSETCATALOG_COMPILER_GLOBAL_ACCENT_COLOR_NAME = AccentColor;
				CODE_SIGN_STYLE = Automatic;
				CURRENT_PROJECT_VERSION = 1;
				DEVELOPMENT_ASSET_PATHS = "\"AppTiempoMVVM/Preview Content\"";
				DEVELOPMENT_TEAM = J298LT52TT;
				ENABLE_PREVIEWS = YES;
				GENERATE_INFOPLIST_FILE = YES;
				INFOPLIST_FILE = AppTiempoMVVM/Info.plist;
				INFOPLIST_KEY_UIApplicationSceneManifest_Generation = YES;
				INFOPLIST_KEY_UIApplicationSupportsIndirectInputEvents = YES;
				INFOPLIST_KEY_UILaunchScreen_Generation = YES;
				INFOPLIST_KEY_UIStatusBarStyle = "";
				INFOPLIST_KEY_UISupportedInterfaceOrientations = UIInterfaceOrientationPortrait;
				INFOPLIST_KEY_UISupportedInterfaceOrientations_iPad = "UIInterfaceOrientationLandscapeLeft UIInterfaceOrientationLandscapeRight UIInterfaceOrientationPortrait UIInterfaceOrientationPortraitUpsideDown";
				IPHONEOS_DEPLOYMENT_TARGET = 16.0;
				LD_RUNPATH_SEARCH_PATHS = (
					"$(inherited)",
					"@executable_path/Frameworks",
				);
				MARKETING_VERSION = 1.0;
				PRODUCT_BUNDLE_IDENTIFIER = alberto.AppTiempoMVVM;
				PRODUCT_NAME = "$(TARGET_NAME)";
				SWIFT_EMIT_LOC_STRINGS = YES;
				SWIFT_VERSION = 5.0;
				TARGETED_DEVICE_FAMILY = "1,2";
			};
			name = Debug;
		};
		60C80BC72AF5524300498809 /* Release */ = {
			isa = XCBuildConfiguration;
			buildSettings = {
				ASSETCATALOG_COMPILER_APPICON_NAME = AppIcon;
				ASSETCATALOG_COMPILER_GLOBAL_ACCENT_COLOR_NAME = AccentColor;
				CODE_SIGN_STYLE = Automatic;
				CURRENT_PROJECT_VERSION = 1;
				DEVELOPMENT_ASSET_PATHS = "\"AppTiempoMVVM/Preview Content\"";
				DEVELOPMENT_TEAM = J298LT52TT;
				ENABLE_PREVIEWS = YES;
				GENERATE_INFOPLIST_FILE = YES;
				INFOPLIST_FILE = AppTiempoMVVM/Info.plist;
				INFOPLIST_KEY_UIApplicationSceneManifest_Generation = YES;
				INFOPLIST_KEY_UIApplicationSupportsIndirectInputEvents = YES;
				INFOPLIST_KEY_UILaunchScreen_Generation = YES;
				INFOPLIST_KEY_UIStatusBarStyle = "";
				INFOPLIST_KEY_UISupportedInterfaceOrientations = UIInterfaceOrientationPortrait;
				INFOPLIST_KEY_UISupportedInterfaceOrientations_iPad = "UIInterfaceOrientationLandscapeLeft UIInterfaceOrientationLandscapeRight UIInterfaceOrientationPortrait UIInterfaceOrientationPortraitUpsideDown";
				IPHONEOS_DEPLOYMENT_TARGET = 16.0;
				LD_RUNPATH_SEARCH_PATHS = (
					"$(inherited)",
					"@executable_path/Frameworks",
				);
				MARKETING_VERSION = 1.0;
				PRODUCT_BUNDLE_IDENTIFIER = alberto.AppTiempoMVVM;
				PRODUCT_NAME = "$(TARGET_NAME)";
				SWIFT_EMIT_LOC_STRINGS = YES;
				SWIFT_VERSION = 5.0;
				TARGETED_DEVICE_FAMILY = "1,2";
			};
			name = Release;
		};
/* End XCBuildConfiguration section */

/* Begin XCConfigurationList section */
		60C80BB22AF5524200498809 /* Build configuration list for PBXProject "AppTiempoMVVM" */ = {
			isa = XCConfigurationList;
			buildConfigurations = (
				60C80BC32AF5524300498809 /* Debug */,
				60C80BC42AF5524300498809 /* Release */,
			);
			defaultConfigurationIsVisible = 0;
			defaultConfigurationName = Release;
		};
		60C80BC52AF5524300498809 /* Build configuration list for PBXNativeTarget "AppTiempoMVVM" */ = {
			isa = XCConfigurationList;
			buildConfigurations = (
				60C80BC62AF5524300498809 /* Debug */,
				60C80BC72AF5524300498809 /* Release */,
			);
			defaultConfigurationIsVisible = 0;
			defaultConfigurationName = Release;
		};
/* End XCConfigurationList section */
	};
	rootObject = 60C80BAF2AF5524200498809 /* Project object */;
}
